version = 1
requires-python = ">=3.13"

[[package]]
name = "appdirs"
version = "1.4.4"
source = { registry = "https://pypi.org/simple" }
sdist = { url = "https://files.pythonhosted.org/packages/d7/d8/05696357e0311f5b5c316d7b95f46c669dd9c15aaeecbb48c7d0aeb88c40/appdirs-1.4.4.tar.gz", hash = "sha256:7d5d0167b2b1ba821647616af46a749d1c653740dd0d2415100fe26e27afdf41", size = 13470 }
wheels = [
    { url = "https://files.pythonhosted.org/packages/3b/00/2344469e2084fb287c2e0b57b72910309874c3245463acd6cf5e3db69324/appdirs-1.4.4-py2.py3-none-any.whl", hash = "sha256:a841dacd6b99318a741b166adb07e19ee71a274450e68237b4650ca1055ab128", size = 9566 },
]

[[package]]
name = "cffi"
version = "1.17.1"
source = { registry = "https://pypi.org/simple" }
dependencies = [
    { name = "pycparser" },
]
sdist = { url = "https://files.pythonhosted.org/packages/fc/97/c783634659c2920c3fc70419e3af40972dbaf758daa229a7d6ea6135c90d/cffi-1.17.1.tar.gz", hash = "sha256:1c39c6016c32bc48dd54561950ebd6836e1670f2ae46128f67cf49e789c52824", size = 516621 }
wheels = [
    { url = "https://files.pythonhosted.org/packages/8d/f8/dd6c246b148639254dad4d6803eb6a54e8c85c6e11ec9df2cffa87571dbe/cffi-1.17.1-cp313-cp313-macosx_10_13_x86_64.whl", hash = "sha256:f3a2b4222ce6b60e2e8b337bb9596923045681d71e5a082783484d845390938e", size = 182989 },
    { url = "https://files.pythonhosted.org/packages/8b/f1/672d303ddf17c24fc83afd712316fda78dc6fce1cd53011b839483e1ecc8/cffi-1.17.1-cp313-cp313-macosx_11_0_arm64.whl", hash = "sha256:0984a4925a435b1da406122d4d7968dd861c1385afe3b45ba82b750f229811e2", size = 178802 },
    { url = "https://files.pythonhosted.org/packages/0e/2d/eab2e858a91fdff70533cab61dcff4a1f55ec60425832ddfdc9cd36bc8af/cffi-1.17.1-cp313-cp313-manylinux_2_12_i686.manylinux2010_i686.manylinux_2_17_i686.manylinux2014_i686.whl", hash = "sha256:d01b12eeeb4427d3110de311e1774046ad344f5b1a7403101878976ecd7a10f3", size = 454792 },
    { url = "https://files.pythonhosted.org/packages/75/b2/fbaec7c4455c604e29388d55599b99ebcc250a60050610fadde58932b7ee/cffi-1.17.1-cp313-cp313-manylinux_2_17_aarch64.manylinux2014_aarch64.whl", hash = "sha256:706510fe141c86a69c8ddc029c7910003a17353970cff3b904ff0686a5927683", size = 478893 },
    { url = "https://files.pythonhosted.org/packages/4f/b7/6e4a2162178bf1935c336d4da8a9352cccab4d3a5d7914065490f08c0690/cffi-1.17.1-cp313-cp313-manylinux_2_17_ppc64le.manylinux2014_ppc64le.whl", hash = "sha256:de55b766c7aa2e2a3092c51e0483d700341182f08e67c63630d5b6f200bb28e5", size = 485810 },
    { url = "https://files.pythonhosted.org/packages/c7/8a/1d0e4a9c26e54746dc08c2c6c037889124d4f59dffd853a659fa545f1b40/cffi-1.17.1-cp313-cp313-manylinux_2_17_s390x.manylinux2014_s390x.whl", hash = "sha256:c59d6e989d07460165cc5ad3c61f9fd8f1b4796eacbd81cee78957842b834af4", size = 471200 },
    { url = "https://files.pythonhosted.org/packages/26/9f/1aab65a6c0db35f43c4d1b4f580e8df53914310afc10ae0397d29d697af4/cffi-1.17.1-cp313-cp313-manylinux_2_17_x86_64.manylinux2014_x86_64.whl", hash = "sha256:dd398dbc6773384a17fe0d3e7eeb8d1a21c2200473ee6806bb5e6a8e62bb73dd", size = 479447 },
    { url = "https://files.pythonhosted.org/packages/5f/e4/fb8b3dd8dc0e98edf1135ff067ae070bb32ef9d509d6cb0f538cd6f7483f/cffi-1.17.1-cp313-cp313-musllinux_1_1_aarch64.whl", hash = "sha256:3edc8d958eb099c634dace3c7e16560ae474aa3803a5df240542b305d14e14ed", size = 484358 },
    { url = "https://files.pythonhosted.org/packages/f1/47/d7145bf2dc04684935d57d67dff9d6d795b2ba2796806bb109864be3a151/cffi-1.17.1-cp313-cp313-musllinux_1_1_x86_64.whl", hash = "sha256:72e72408cad3d5419375fc87d289076ee319835bdfa2caad331e377589aebba9", size = 488469 },
    { url = "https://files.pythonhosted.org/packages/bf/ee/f94057fa6426481d663b88637a9a10e859e492c73d0384514a17d78ee205/cffi-1.17.1-cp313-cp313-win32.whl", hash = "sha256:e03eab0a8677fa80d646b5ddece1cbeaf556c313dcfac435ba11f107ba117b5d", size = 172475 },
    { url = "https://files.pythonhosted.org/packages/7c/fc/6a8cb64e5f0324877d503c854da15d76c1e50eb722e320b15345c4d0c6de/cffi-1.17.1-cp313-cp313-win_amd64.whl", hash = "sha256:f6a16c31041f09ead72d69f583767292f750d24913dadacf5756b966aacb3f1a", size = 182009 },
]

[[package]]
name = "cryptography"
version = "40.0.2"
source = { registry = "https://pypi.org/simple" }
dependencies = [
    { name = "cffi" },
]
sdist = { url = "https://files.pythonhosted.org/packages/f7/80/04cc7637238b78f8e7354900817135c5a23cf66dfb3f3a216c6d630d6833/cryptography-40.0.2.tar.gz", hash = "sha256:c33c0d32b8594fa647d2e01dbccc303478e16fdd7cf98652d5b3ed11aa5e5c99", size = 625561 }
wheels = [
    { url = "https://files.pythonhosted.org/packages/cc/aa/285f288e36d398db873d4cc20984c9a132ef5eace539d91babe4c4e94aaa/cryptography-40.0.2-cp36-abi3-macosx_10_12_universal2.whl", hash = "sha256:8f79b5ff5ad9d3218afb1e7e20ea74da5f76943ee5edb7f76e56ec5161ec782b", size = 5138787 },
    { url = "https://files.pythonhosted.org/packages/85/86/a17a4baf08e0ae6496b44f75136f8e14b843fd3d8a3f4105c0fd79d4786b/cryptography-40.0.2-cp36-abi3-macosx_10_12_x86_64.whl", hash = "sha256:05dc219433b14046c476f6f09d7636b92a1c3e5808b9a6536adf4932b3b2c440", size = 2753726 },
    { url = "https://files.pythonhosted.org/packages/0d/91/b2efda2ffb30b1623016d8e8ea6f59dde22b9bc86c0883bc12d965c53dca/cryptography-40.0.2-cp36-abi3-manylinux_2_17_aarch64.manylinux2014_aarch64.whl", hash = "sha256:4df2af28d7bedc84fe45bd49bc35d710aede676e2a4cb7fc6d103a2adc8afe4d", size = 3488594 },
    { url = "https://files.pythonhosted.org/packages/9c/1b/30faebcef9be2df5728a8086b8fc15fff92364fe114fb207b70cd7c81329/cryptography-40.0.2-cp36-abi3-manylinux_2_17_x86_64.manylinux2014_x86_64.whl", hash = "sha256:0dcca15d3a19a66e63662dc8d30f8036b07be851a8680eda92d079868f106288", size = 3736224 },
    { url = "https://files.pythonhosted.org/packages/ff/87/cffd495cc78503fb49aa3e19babc126b610174d08aa32c0d1d75c6499afc/cryptography-40.0.2-cp36-abi3-manylinux_2_28_aarch64.whl", hash = "sha256:a04386fb7bc85fab9cd51b6308633a3c271e3d0d3eae917eebab2fac6219b6d2", size = 3474750 },
    { url = "https://files.pythonhosted.org/packages/8e/34/f54dbfc6d12fa34a50f03bf01319d585e7e9bddd68ad28299b4998e3098b/cryptography-40.0.2-cp36-abi3-manylinux_2_28_x86_64.whl", hash = "sha256:adc0d980fd2760c9e5de537c28935cc32b9353baaf28e0814df417619c6c8c3b", size = 3741816 },
    { url = "https://files.pythonhosted.org/packages/88/87/c720c0b56f6363eaa32c582b6240523010691ad973204649526c4ce28e95/cryptography-40.0.2-cp36-abi3-musllinux_1_1_aarch64.whl", hash = "sha256:d5a1bd0e9e2031465761dfa920c16b0065ad77321d8a8c1f5ee331021fda65e9", size = 3586148 },
    { url = "https://files.pythonhosted.org/packages/91/89/13174c6167f452598baa8584133993e3d624b6a19e93748e5f2885a442f2/cryptography-40.0.2-cp36-abi3-musllinux_1_1_x86_64.whl", hash = "sha256:a95f4802d49faa6a674242e25bfeea6fc2acd915b5e5e29ac90a32b1139cae1c", size = 3813710 },
    { url = "https://files.pythonhosted.org/packages/41/96/e4c439905077508e78ae15577fdd302c1e582d0bc5f96fcc761da1681dd2/cryptography-40.0.2-cp36-abi3-win32.whl", hash = "sha256:aecbb1592b0188e030cb01f82d12556cf72e218280f621deed7d806afd2113f9", size = 2151049 },
    { url = "https://files.pythonhosted.org/packages/55/9f/53e0df7b81f86967d8997c77b71c5255d3bcabfac0c346b1cff061b80e03/cryptography-40.0.2-cp36-abi3-win_amd64.whl", hash = "sha256:b12794f01d4cacfbd3177b9042198f3af1c856eedd0a98f10f141385c809a14b", size = 2614718 },
]

[[package]]
name = "httpq"
version = "1.2.0"
source = { registry = "https://pypi.org/simple" }
dependencies = [
    { name = "toolbox" },
]
sdist = { url = "https://files.pythonhosted.org/packages/70/2d/822023123808a6773a5ba3866e3eb605db9c9f1a372d4a147625e495bbc7/httpq-1.2.0.tar.gz", hash = "sha256:ba32b284cbbba7b225ea48500d69112334a38ff3f5d796bce2db4ddd3a19c430", size = 15268 }
wheels = [
    { url = "https://files.pythonhosted.org/packages/48/b0/8c0dcd2b0cf11105f0d099968ad14600e97a4a11e13fd6d4e8de1fbf58aa/httpq-1.2.0-py3-none-any.whl", hash = "sha256:981079f773475fb83ac53aea2d3c038ebebc685957f1c487473669010e27638a", size = 7168 },
]

[[package]]
name = "mitm"
version = "1.5.0"
source = { registry = "https://pypi.org/simple" }
dependencies = [
    { name = "appdirs" },
    { name = "httpq" },
    { name = "pbr" },
    { name = "pyopenssl" },
    { name = "toolbox" },
]
sdist = { url = "https://files.pythonhosted.org/packages/57/6d/2d9feb9f0f7f681e8e86c67e7570c5e40724f69160103a05d160d8b3ec4b/mitm-1.5.0.tar.gz", hash = "sha256:1ad93afcebc7624a01d8a45d1a9a3a2c9909d0d6b9277b4e8f9604d0032f2ad8", size = 26769 }
wheels = [
    { url = "https://files.pythonhosted.org/packages/a9/44/5b6abe9d14f77d4ed138ed62e13f567639c514f9480a29cce02d8ab87e50/mitm-1.5.0-py3-none-any.whl", hash = "sha256:a7facc301f0092feccb9538c4b7f4c2c0cb6f3c9578f702750c055a2a57ed7bc", size = 16639 },
]

[[package]]
name = "pbr"
version = "5.9.0"
source = { registry = "https://pypi.org/simple" }
sdist = { url = "https://files.pythonhosted.org/packages/96/9f/f4bc832eeb4ae723b86372277da56a5643b0ad472a95314e8f516a571bb0/pbr-5.9.0.tar.gz", hash = "sha256:e8dca2f4b43560edef58813969f52a56cef023146cbb8931626db80e6c1c4308", size = 126893 }
wheels = [
    { url = "https://files.pythonhosted.org/packages/1b/ef/0621aa0e422dda72dc89b61972e5a28d5a947c22fdff83a5d69fdbc1949a/pbr-5.9.0-py2.py3-none-any.whl", hash = "sha256:e547125940bcc052856ded43be8e101f63828c2d94239ffbe2b327ba3d5ccf0a", size = 112340 },
]

[[package]]
name = "py-no-copy-bypass"
version = "0.1.0"
source = { virtual = "." }
dependencies = [
    { name = "mitm" },
]

[package.metadata]
requires-dist = [{ name = "mitm", specifier = ">=1.5.0" }]

[[package]]
name = "pycparser"
version = "2.22"
source = { registry = "https://pypi.org/simple" }
sdist = { url = "https://files.pythonhosted.org/packages/1d/b2/31537cf4b1ca988837256c910a668b553fceb8f069bedc4b1c826024b52c/pycparser-2.22.tar.gz", hash = "sha256:491c8be9c040f5390f5bf44a5b07752bd07f56edf992381b05c701439eec10f6", size = 172736 }
wheels = [
    { url = "https://files.pythonhosted.org/packages/13/a3/a812df4e2dd5696d1f351d58b8fe16a405b234ad2886a0dab9183fb78109/pycparser-2.22-py3-none-any.whl", hash = "sha256:c3702b6d3dd8c7abc1afa565d7e63d53a1d0bd86cdc24edd75470f4de499cfcc", size = 117552 },
]

[[package]]
name = "pyopenssl"
version = "23.1.1"
source = { registry = "https://pypi.org/simple" }
dependencies = [
    { name = "cryptography" },
]
sdist = { url = "https://files.pythonhosted.org/packages/8f/72/f1d9e92f5d3a58aba3b71ad512de19eb9f82e7b98795662bf7b796be71e5/pyOpenSSL-23.1.1.tar.gz", hash = "sha256:841498b9bec61623b1b6c47ebbc02367c07d60e0e195f19790817f10cc8db0b7", size = 183402 }
wheels = [
    { url = "https://files.pythonhosted.org/packages/b7/6d/d7377332703ffd8821878794aca4fb54637da654bf3e467ffb32109c2147/pyOpenSSL-23.1.1-py3-none-any.whl", hash = "sha256:9e0c526404a210df9d2b18cd33364beadb0dc858a739b885677bc65e105d4a4c", size = 57890 },
]

[[package]]
name = "toolbox"
version = "1.11.0"
source = { registry = "https://pypi.org/simple" }
sdist = { url = "https://files.pythonhosted.org/packages/54/42/27357827649818b5b6cc86c1b90138e4016b1dd6e469c6b05ae0374ed95e/toolbox-1.11.0.tar.gz", hash = "sha256:9a7c2a2e1ddbbcdf212c0a8cc895473b674814aec978d6538f1ffd595ae6469b", size = 33193 }
wheels = [
    { url = "https://files.pythonhosted.org/packages/3f/dd/12351603b9902e36f16ce11a300bed44b2615f7bb096e1aeb1e5572de733/toolbox-1.11.0-py3-none-any.whl", hash = "sha256:66ab4a8a5e08580c26f1019bb30b04e2af847e86346e9bddd6b6b50b2de7b7ff", size = 24782 },
]
